
Microsoft Visual Studio Solution File, Format Version 12.00
Project("{FAE04EC0-301F-11D3-BF4B-00C04F79EFBC}") = "task-management-backend", "task-management-backend\task-management-backend.csproj", "{31A2D7AF-1C94-404F-94E4-D3CCF740CAE6}"
EndProject
Project("{2150E333-8FDC-42A3-9474-1A3956D46DE8}") = "Solution Items", "Solution Items", "{232EAD90-ED1D-4622-ADD2-CCEBE9D35B98}"
	ProjectSection(SolutionItems) = preProject
		compose.yaml = compose.yaml
	EndProjectSection
EndProject
Project("{FAE04EC0-301F-11D3-BF4B-00C04F79EFBC}") = "task-management-backend.Tests", "task-management-backend.Tests\task-management-backend.Tests.csproj", "{6A312D2A-91E4-4BE1-8167-A650E4DBB30C}"
EndProject
Global
	GlobalSection(SolutionConfigurationPlatforms) = preSolution
		Debug|Any CPU = Debug|Any CPU
		Debug|x64 = Debug|x64
		Debug|x86 = Debug|x86
		Release|Any CPU = Release|Any CPU
		Release|x64 = Release|x64
		Release|x86 = Release|x86
	EndGlobalSection
	GlobalSection(ProjectConfigurationPlatforms) = postSolution
		{31A2D7AF-1C94-404F-94E4-D3CCF740CAE6}.Debug|Any CPU.ActiveCfg = Debug|Any CPU
		{31A2D7AF-1C94-404F-94E4-D3CCF740CAE6}.Debug|Any CPU.Build.0 = Debug|Any CPU
		{31A2D7AF-1C94-404F-94E4-D3CCF740CAE6}.Debug|x64.ActiveCfg = Debug|Any CPU
		{31A2D7AF-1C94-404F-94E4-D3CCF740CAE6}.Debug|x64.Build.0 = Debug|Any CPU
		{31A2D7AF-1C94-404F-94E4-D3CCF740CAE6}.Debug|x86.ActiveCfg = Debug|Any CPU
		{31A2D7AF-1C94-404F-94E4-D3CCF740CAE6}.Debug|x86.Build.0 = Debug|Any CPU
		{31A2D7AF-1C94-404F-94E4-D3CCF740CAE6}.Release|Any CPU.ActiveCfg = Release|Any CPU
		{31A2D7AF-1C94-404F-94E4-D3CCF740CAE6}.Release|Any CPU.Build.0 = Release|Any CPU
		{31A2D7AF-1C94-404F-94E4-D3CCF740CAE6}.Release|x64.ActiveCfg = Release|Any CPU
		{31A2D7AF-1C94-404F-94E4-D3CCF740CAE6}.Release|x64.Build.0 = Release|Any CPU
		{31A2D7AF-1C94-404F-94E4-D3CCF740CAE6}.Release|x86.ActiveCfg = Release|Any CPU
		{31A2D7AF-1C94-404F-94E4-D3CCF740CAE6}.Release|x86.Build.0 = Release|Any CPU
		{6A312D2A-91E4-4BE1-8167-A650E4DBB30C}.Debug|Any CPU.ActiveCfg = Debug|Any CPU
		{6A312D2A-91E4-4BE1-8167-A650E4DBB30C}.Debug|Any CPU.Build.0 = Debug|Any CPU
		{6A312D2A-91E4-4BE1-8167-A650E4DBB30C}.Debug|x64.ActiveCfg = Debug|Any CPU
		{6A312D2A-91E4-4BE1-8167-A650E4DBB30C}.Debug|x64.Build.0 = Debug|Any CPU
		{6A312D2A-91E4-4BE1-8167-A650E4DBB30C}.Debug|x86.ActiveCfg = Debug|Any CPU
		{6A312D2A-91E4-4BE1-8167-A650E4DBB30C}.Debug|x86.Build.0 = Debug|Any CPU
		{6A312D2A-91E4-4BE1-8167-A650E4DBB30C}.Release|Any CPU.ActiveCfg = Release|Any CPU
		{6A312D2A-91E4-4BE1-8167-A650E4DBB30C}.Release|Any CPU.Build.0 = Release|Any CPU
		{6A312D2A-91E4-4BE1-8167-A650E4DBB30C}.Release|x64.ActiveCfg = Release|Any CPU
		{6A312D2A-91E4-4BE1-8167-A650E4DBB30C}.Release|x64.Build.0 = Release|Any CPU
		{6A312D2A-91E4-4BE1-8167-A650E4DBB30C}.Release|x86.ActiveCfg = Release|Any CPU
		{6A312D2A-91E4-4BE1-8167-A650E4DBB30C}.Release|x86.Build.0 = Release|Any CPU
	EndGlobalSection
	GlobalSection(SolutionProperties) = preSolution
		HideSolutionNode = FALSE
	EndGlobalSection
EndGlobal
